
Microsoft Visual Studio Solution File, Format Version 12.00
# Visual Studio Version 17
VisualStudioVersion = 17.7.34024.191
MinimumVisualStudioVersion = 10.0.40219.1
Project("{FAE04EC0-301F-11D3-BF4B-00C04F79EFBC}") = "lop", "lop\lop.csproj", "{8051E6C5-AE27-4EB3-AB77-76CDED04BD8E}"
EndProject
Global
	GlobalSection(SolutionConfigurationPlatforms) = preSolution
		Debug|Any CPU = Debug|Any CPU
		Release|Any CPU = Release|Any CPU
	EndGlobalSection
	GlobalSection(ProjectConfigurationPlatforms) = postSolution
		{8051E6C5-AE27-4EB3-AB77-76CDED04BD8E}.Debug|Any CPU.ActiveCfg = Debug|Any CPU
		{8051E6C5-AE27-4EB3-AB77-76CDED04BD8E}.Debug|Any CPU.Build.0 = Debug|Any CPU
		{8051E6C5-AE27-4EB3-AB77-76CDED04BD8E}.Release|Any CPU.ActiveCfg = Release|Any CPU
		{8051E6C5-AE27-4EB3-AB77-76CDED04BD8E}.Release|Any CPU.Build.0 = Release|Any CPU
	EndGlobalSection
	GlobalSection(SolutionProperties) = preSolution
		HideSolutionNode = FALSE
	EndGlobalSection
	GlobalSection(ExtensibilityGlobals) = postSolution
		SolutionGuid = {7E263432-413A-45FD-9D41-01C4CE3B77AD}
	EndGlobalSection
EndGlobal
